// !$*UTF8*$!
{
	archiveVersion = 1;
	classes = {
	};
	objectVersion = 55;
	objects = {

/* Begin PBXBuildFile section */
		5C0DFB6F2AEBFF3F00A90B16 /* EmojiArtDocumentView.swift in Sources */ = {isa = PBXBuildFile; fileRef = 5C0DFB6E2AEBFF3F00A90B16 /* EmojiArtDocumentView.swift */; };
		5C0DFB712AEC08A900A90B16 /* Extensions.swift in Sources */ = {isa = PBXBuildFile; fileRef = 5C0DFB702AEC08A900A90B16 /* Extensions.swift */; };
		5C3AD77D2AEA66A700B0EA28 /* Emoji_ArtApp.swift in Sources */ = {isa = PBXBuildFile; fileRef = 5C3AD77C2AEA66A700B0EA28 /* Emoji_ArtApp.swift */; };
		5C3AD7812AEA66A900B0EA28 /* Assets.xcassets in Resources */ = {isa = PBXBuildFile; fileRef = 5C3AD7802AEA66A900B0EA28 /* Assets.xcassets */; };
		5C3AD7842AEA66A900B0EA28 /* Preview Assets.xcassets in Resources */ = {isa = PBXBuildFile; fileRef = 5C3AD7832AEA66A900B0EA28 /* Preview Assets.xcassets */; };
		5C3AD78B2AEA675400B0EA28 /* EmojiArt.swift in Sources */ = {isa = PBXBuildFile; fileRef = 5C3AD78A2AEA675400B0EA28 /* EmojiArt.swift */; };
		5C3AD78D2AEA684300B0EA28 /* EmojiArtDocument.swift in Sources */ = {isa = PBXBuildFile; fileRef = 5C3AD78C2AEA684300B0EA28 /* EmojiArtDocument.swift */; };
		BAB414312B0B57D000A39D04 /* Sturldata.swift in Sources */ = {isa = PBXBuildFile; fileRef = BAB414302B0B57D000A39D04 /* Sturldata.swift */; };
/* End PBXBuildFile section */

/* Begin PBXFileReference section */
		5C0DFB6E2AEBFF3F00A90B16 /* EmojiArtDocumentView.swift */ = {isa = PBXFileReference; lastKnownFileType = sourcecode.swift; path = EmojiArtDocumentView.swift; sourceTree = "<group>"; };
		5C0DFB702AEC08A900A90B16 /* Extensions.swift */ = {isa = PBXFileReference; fileEncoding = 4; lastKnownFileType = sourcecode.swift; path = Extensions.swift; sourceTree = "<group>"; };
		5C3AD7792AEA66A700B0EA28 /* Emoji Art.app */ = {isa = PBXFileReference; explicitFileType = wrapper.application; includeInIndex = 0; path = "Emoji Art.app"; sourceTree = BUILT_PRODUCTS_DIR; };
		5C3AD77C2AEA66A700B0EA28 /* Emoji_ArtApp.swift */ = {isa = PBXFileReference; lastKnownFileType = sourcecode.swift; path = Emoji_ArtApp.swift; sourceTree = "<group>"; };
		5C3AD7802AEA66A900B0EA28 /* Assets.xcassets */ = {isa = PBXFileReference; lastKnownFileType = folder.assetcatalog; path = Assets.xcassets; sourceTree = "<group>"; };
		5C3AD7832AEA66A900B0EA28 /* Preview Assets.xcassets */ = {isa = PBXFileReference; lastKnownFileType = folder.assetcatalog; path = "Preview Assets.xcassets"; sourceTree = "<group>"; };
		5C3AD78A2AEA675400B0EA28 /* EmojiArt.swift */ = {isa = PBXFileReference; lastKnownFileType = sourcecode.swift; path = EmojiArt.swift; sourceTree = "<group>"; };
		5C3AD78C2AEA684300B0EA28 /* EmojiArtDocument.swift */ = {isa = PBXFileReference; lastKnownFileType = sourcecode.swift; path = EmojiArtDocument.swift; sourceTree = "<group>"; };
		BAB414302B0B57D000A39D04 /* Sturldata.swift */ = {isa = PBXFileReference; lastKnownFileType = sourcecode.swift; path = Sturldata.swift; sourceTree = "<group>"; };
		BAB414322B0B7A4A00A39D04 /* Emoji-Art-Info.plist */ = {isa = PBXFileReference; lastKnownFileType = text.plist; path = "Emoji-Art-Info.plist"; sourceTree = SOURCE_ROOT; };
/* End PBXFileReference section */

/* Begin PBXFrameworksBuildPhase section */
		5C3AD7762AEA66A700B0EA28 /* Frameworks */ = {
			isa = PBXFrameworksBuildPhase;
			buildActionMask = 2147483647;
			files = (
			);
			runOnlyForDeploymentPostprocessing = 0;
		};
/* End PBXFrameworksBuildPhase section */

/* Begin PBXGroup section */
		5C3AD7702AEA66A700B0EA28 = {
			isa = PBXGroup;
			children = (
				5C3AD77B2AEA66A700B0EA28 /* Emoji Art */,
				5C3AD77A2AEA66A700B0EA28 /* Products */,
			);
			sourceTree = "<group>";
		};
		5C3AD77A2AEA66A700B0EA28 /* Products */ = {
			isa = PBXGroup;
			children = (
				5C3AD7792AEA66A700B0EA28 /* Emoji Art.app */,
			);
			name = Products;
			sourceTree = "<group>";
		};
		5C3AD77B2AEA66A700B0EA28 /* Emoji Art */ = {
			isa = PBXGroup;
			children = (
				BAB414322B0B7A4A00A39D04 /* Emoji-Art-Info.plist */,
				BAB414302B0B57D000A39D04 /* Sturldata.swift */,
				5C3AD77C2AEA66A700B0EA28 /* Emoji_ArtApp.swift */,
				5C3AD78A2AEA675400B0EA28 /* EmojiArt.swift */,
				5C3AD78C2AEA684300B0EA28 /* EmojiArtDocument.swift */,
				5C0DFB6E2AEBFF3F00A90B16 /* EmojiArtDocumentView.swift */,
				5C0DFB702AEC08A900A90B16 /* Extensions.swift */,
				5C3AD7802AEA66A900B0EA28 /* Assets.xcassets */,
				5C3AD7822AEA66A900B0EA28 /* Preview Content */,
			);
			path = "Emoji Art";
			sourceTree = "<group>";
		};
		5C3AD7822AEA66A900B0EA28 /* Preview Content */ = {
			isa = PBXGroup;
			children = (
				5C3AD7832AEA66A900B0EA28 /* Preview Assets.xcassets */,
			);
			path = "Preview Content";
			sourceTree = "<group>";
		};
/* End PBXGroup section */

/* Begin PBXNativeTarget section */
		5C3AD7782AEA66A700B0EA28 /* Emoji Art */ = {
			isa = PBXNativeTarget;
			buildConfigurationList = 5C3AD7872AEA66A900B0EA28 /* Build configuration list for PBXNativeTarget "Emoji Art" */;
			buildPhases = (
				5C3AD7752AEA66A700B0EA28 /* Sources */,
				5C3AD7762AEA66A700B0EA28 /* Frameworks */,
				5C3AD7772AEA66A700B0EA28 /* Resources */,
			);
			buildRules = (
			);
			dependencies = (
			);
			name = "Emoji Art";
			productName = "Emoji Art";
			productReference = 5C3AD7792AEA66A700B0EA28 /* Emoji Art.app */;
			productType = "com.apple.product-type.application";
		};
/* End PBXNativeTarget section */

/* Begin PBXProject section */
		5C3AD7712AEA66A700B0EA28 /* Project object */ = {
			isa = PBXProject;
			attributes = {
				BuildIndependentTargetsInParallel = 1;
				LastSwiftUpdateCheck = 1320;
				LastUpgradeCheck = 1320;
				TargetAttributes = {
					5C3AD7782AEA66A700B0EA28 = {
						CreatedOnToolsVersion = 13.2.1;
					};
				};
			};
			buildConfigurationList = 5C3AD7742AEA66A700B0EA28 /* Build configuration list for PBXProject "Emoji Art" */;
			compatibilityVersion = "Xcode 13.0";
			developmentRegion = en;
			hasScannedForEncodings = 0;
			knownRegions = (
				en,
				Base,
			);
			mainGroup = 5C3AD7702AEA66A700B0EA28;
			productRefGroup = 5C3AD77A2AEA66A700B0EA28 /* Products */;
			projectDirPath = "";
			projectRoot = "";
			targets = (
				5C3AD7782AEA66A700B0EA28 /* Emoji Art */,
			);
		};
/* End PBXProject section */

/* Begin PBXResourcesBuildPhase section */
		5C3AD7772AEA66A700B0EA28 /* Resources */ = {
			isa = PBXResourcesBuildPhase;
			buildActionMask = 2147483647;
			files = (
				5C3AD7842AEA66A900B0EA28 /* Preview Assets.xcassets in Resources */,
				5C3AD7812AEA66A900B0EA28 /* Assets.xcassets in Resources */,
			);
			runOnlyForDeploymentPostprocessing = 0;
		};
/* End PBXResourcesBuildPhase section */

/* Begin PBXSourcesBuildPhase section */
		5C3AD7752AEA66A700B0EA28 /* Sources */ = {
			isa = PBXSourcesBuildPhase;
			buildActionMask = 2147483647;
			files = (
				5C0DFB6F2AEBFF3F00A90B16 /* EmojiArtDocumentView.swift in Sources */,
				5C0DFB712AEC08A900A90B16 /* Extensions.swift in Sources */,
				5C3AD78B2AEA675400B0EA28 /* EmojiArt.swift in Sources */,
				5C3AD77D2AEA66A700B0EA28 /* Emoji_ArtApp.swift in Sources */,
				BAB414312B0B57D000A39D04 /* Sturldata.swift in Sources */,
				5C3AD78D2AEA684300B0EA28 /* EmojiArtDocument.swift in Sources */,
			);
			runOnlyForDeploymentPostprocessing = 0;
		};
/* End PBXSourcesBuildPhase section */

/* Begin XCBuildConfiguration section */
		5C3AD7852AEA66A900B0EA28 /* Debug */ = {
			isa = XCBuildConfiguration;
			buildSettings = {
				ALWAYS_SEARCH_USER_PATHS = NO;
				CLANG_ANALYZER_NONNULL = YES;
				CLANG_ANALYZER_NUMBER_OBJECT_CONVERSION = YES_AGGRESSIVE;
				CLANG_CXX_LANGUAGE_STANDARD = "gnu++17";
				CLANG_CXX_LIBRARY = "libc++";
				CLANG_ENABLE_MODULES = YES;
				CLANG_ENABLE_OBJC_ARC = YES;
				CLANG_ENABLE_OBJC_WEAK = YES;
				CLANG_WARN_BLOCK_CAPTURE_AUTORELEASING = YES;
				CLANG_WARN_BOOL_CONVERSION = YES;
				CLANG_WARN_COMMA = YES;
				CLANG_WARN_CONSTANT_CONVERSION = YES;
				CLANG_WARN_DEPRECATED_OBJC_IMPLEMENTATIONS = YES;
				CLANG_WARN_DIRECT_OBJC_ISA_USAGE = YES_ERROR;
				CLANG_WARN_DOCUMENTATION_COMMENTS = YES;
				CLANG_WARN_EMPTY_BODY = YES;
				CLANG_WARN_ENUM_CONVERSION = YES;
				CLANG_WARN_INFINITE_RECURSION = YES;
				CLANG_WARN_INT_CONVERSION = YES;
				CLANG_WARN_NON_LITERAL_NULL_CONVERSION = YES;
				CLANG_WARN_OBJC_IMPLICIT_RETAIN_SELF = YES;
				CLANG_WARN_OBJC_LITERAL_CONVERSION = YES;
				CLANG_WARN_OBJC_ROOT_CLASS = YES_ERROR;
				CLANG_WARN_QUOTED_INCLUDE_IN_FRAMEWORK_HEADER = YES;
				CLANG_WARN_RANGE_LOOP_ANALYSIS = YES;
				CLANG_WARN_STRICT_PROTOTYPES = YES;
				CLANG_WARN_SUSPICIOUS_MOVE = YES;
				CLANG_WARN_UNGUARDED_AVAILABILITY = YES_AGGRESSIVE;
				CLANG_WARN_UNREACHABLE_CODE = YES;
				CLANG_WARN__DUPLICATE_METHOD_MATCH = YES;
				COPY_PHASE_STRIP = NO;
				DEBUG_INFORMATION_FORMAT = dwarf;
				ENABLE_STRICT_OBJC_MSGSEND = YES;
				ENABLE_TESTABILITY = YES;
				GCC_C_LANGUAGE_STANDARD = gnu11;
				GCC_DYNAMIC_NO_PIC = NO;
				GCC_NO_COMMON_BLOCKS = YES;
				GCC_OPTIMIZATION_LEVEL = 0;
				GCC_PREPROCESSOR_DEFINITIONS = (
					"DEBUG=1",
					"$(inherited)",
				);
				GCC_WARN_64_TO_32_BIT_CONVERSION = YES;
				GCC_WARN_ABOUT_RETURN_TYPE = YES_ERROR;
				GCC_WARN_UNDECLARED_SELECTOR = YES;
				GCC_WARN_UNINITIALIZED_AUTOS = YES_AGGRESSIVE;
				GCC_WARN_UNUSED_FUNCTION = YES;
				GCC_WARN_UNUSED_VARIABLE = YES;
				IPHONEOS_DEPLOYMENT_TARGET = 15.2;
				MTL_ENABLE_DEBUG_INFO = INCLUDE_SOURCE;
				MTL_FAST_MATH = YES;
				ONLY_ACTIVE_ARCH = YES;
				SDKROOT = iphoneos;
				SWIFT_ACTIVE_COMPILATION_CONDITIONS = DEBUG;
				SWIFT_OPTIMIZATION_LEVEL = "-Onone";
			};
			name = Debug;
		};
		5C3AD7862AEA66A900B0EA28 /* Release */ = {
			isa = XCBuildConfiguration;
			buildSettings = {
				ALWAYS_SEARCH_USER_PATHS = NO;
				CLANG_ANALYZER_NONNULL = YES;
				CLANG_ANALYZER_NUMBER_OBJECT_CONVERSION = YES_AGGRESSIVE;
				CLANG_CXX_LANGUAGE_STANDARD = "gnu++17";
				CLANG_CXX_LIBRARY = "libc++";
				CLANG_ENABLE_MODULES = YES;
				CLANG_ENABLE_OBJC_ARC = YES;
				CLANG_ENABLE_OBJC_WEAK = YES;
				CLANG_WARN_BLOCK_CAPTURE_AUTORELEASING = YES;
				CLANG_WARN_BOOL_CONVERSION = YES;
				CLANG_WARN_COMMA = YES;
				CLANG_WARN_CONSTANT_CONVERSION = YES;
				CLANG_WARN_DEPRECATED_OBJC_IMPLEMENTATIONS = YES;
				CLANG_WARN_DIRECT_OBJC_ISA_USAGE = YES_ERROR;
				CLANG_WARN_DOCUMENTATION_COMMENTS = YES;
				CLANG_WARN_EMPTY_BODY = YES;
				CLANG_WARN_ENUM_CONVERSION = YES;
				CLANG_WARN_INFINITE_RECURSION = YES;
				CLANG_WARN_INT_CONVERSION = YES;
				CLANG_WARN_NON_LITERAL_NULL_CONVERSION = YES;
				CLANG_WARN_OBJC_IMPLICIT_RETAIN_SELF = YES;
				CLANG_WARN_OBJC_LITERAL_CONVERSION = YES;
				CLANG_WARN_OBJC_ROOT_CLASS = YES_ERROR;
				CLANG_WARN_QUOTED_INCLUDE_IN_FRAMEWORK_HEADER = YES;
				CLANG_WARN_RANGE_LOOP_ANALYSIS = YES;
				CLANG_WARN_STRICT_PROTOTYPES = YES;
				CLANG_WARN_SUSPICIOUS_MOVE = YES;
				CLANG_WARN_UNGUARDED_AVAILABILITY = YES_AGGRESSIVE;
				CLANG_WARN_UNREACHABLE_CODE = YES;
				CLANG_WARN__DUPLICATE_METHOD_MATCH = YES;
				COPY_PHASE_STRIP = NO;
				DEBUG_INFORMATION_FORMAT = "dwarf-with-dsym";
				ENABLE_NS_ASSERTIONS = NO;
				ENABLE_STRICT_OBJC_MSGSEND = YES;
				GCC_C_LANGUAGE_STANDARD = gnu11;
				GCC_NO_COMMON_BLOCKS = YES;
				GCC_WARN_64_TO_32_BIT_CONVERSION = YES;
				GCC_WARN_ABOUT_RETURN_TYPE = YES_ERROR;
				GCC_WARN_UNDECLARED_SELECTOR = YES;
				GCC_WARN_UNINITIALIZED_AUTOS = YES_AGGRESSIVE;
				GCC_WARN_UNUSED_FUNCTION = YES;
				GCC_WARN_UNUSED_VARIABLE = YES;
				IPHONEOS_DEPLOYMENT_TARGET = 15.2;
				MTL_ENABLE_DEBUG_INFO = NO;
				MTL_FAST_MATH = YES;
				SDKROOT = iphoneos;
				SWIFT_COMPILATION_MODE = wholemodule;
				SWIFT_OPTIMIZATION_LEVEL = "-O";
				VALIDATE_PRODUCT = YES;
			};
			name = Release;
		};
		5C3AD7882AEA66A900B0EA28 /* Debug */ = {
			isa = XCBuildConfiguration;
			buildSettings = {
				ASSETCATALOG_COMPILER_APPICON_NAME = AppIcon;
				ASSETCATALOG_COMPILER_GLOBAL_ACCENT_COLOR_NAME = AccentColor;
				CODE_SIGN_STYLE = Automatic;
				CURRENT_PROJECT_VERSION = 1;
				DEVELOPMENT_ASSET_PATHS = "\"Emoji Art/Preview Content\"";
				DEVELOPMENT_TEAM = N9NN3CSS37;
				ENABLE_PREVIEWS = YES;
				GENERATE_INFOPLIST_FILE = YES;
				INFOPLIST_FILE = "Emoji-Art-Info.plist";
				INFOPLIST_KEY_UIApplicationSceneManifest_Generation = YES;
				INFOPLIST_KEY_UIApplicationSupportsIndirectInputEvents = YES;
				INFOPLIST_KEY_UILaunchScreen_Generation = YES;
				INFOPLIST_KEY_UISupportedInterfaceOrientations_iPad = "UIInterfaceOrientationPortrait UIInterfaceOrientationPortraitUpsideDown UIInterfaceOrientationLandscapeLeft UIInterfaceOrientationLandscapeRight";
				INFOPLIST_KEY_UISupportedInterfaceOrientations_iPhone = "UIInterfaceOrientationPortrait UIInterfaceOrientationLandscapeLeft UIInterfaceOrientationLandscapeRight";
				LD_RUNPATH_SEARCH_PATHS = (
					"$(inherited)",
					"@executable_path/Frameworks",
				);
				MARKETING_VERSION = 1.0;
				PRODUCT_BUNDLE_IDENTIFIER = "s21.Emoji-Art";
				PRODUCT_NAME = "$(TARGET_NAME)";
				SWIFT_EMIT_LOC_STRINGS = YES;
				SWIFT_VERSION = 5.0;
				TARGETED_DEVICE_FAMILY = "1,2";
			};
			name = Debug;
		};
		5C3AD7892AEA66A900B0EA28 /* Release */ = {
			isa = XCBuildConfiguration;
			buildSettings = {
				ASSETCATALOG_COMPILER_APPICON_NAME = AppIcon;
				ASSETCATALOG_COMPILER_GLOBAL_ACCENT_COLOR_NAME = AccentColor;
				CODE_SIGN_STYLE = Automatic;
				CURRENT_PROJECT_VERSION = 1;
				DEVELOPMENT_ASSET_PATHS = "\"Emoji Art/Preview Content\"";
				DEVELOPMENT_TEAM = N9NN3CSS37;
				ENABLE_PREVIEWS = YES;
				GENERATE_INFOPLIST_FILE = YES;
				INFOPLIST_FILE = "Emoji-Art-Info.plist";
				INFOPLIST_KEY_UIApplicationSceneManifest_Generation = YES;
				INFOPLIST_KEY_UIApplicationSupportsIndirectInputEvents = YES;
				INFOPLIST_KEY_UILaunchScreen_Generation = YES;
				INFOPLIST_KEY_UISupportedInterfaceOrientations_iPad = "UIInterfaceOrientationPortrait UIInterfaceOrientationPortraitUpsideDown UIInterfaceOrientationLandscapeLeft UIInterfaceOrientationLandscapeRight";
				INFOPLIST_KEY_UISupportedInterfaceOrientations_iPhone = "UIInterfaceOrientationPortrait UIInterfaceOrientationLandscapeLeft UIInterfaceOrientationLandscapeRight";
				LD_RUNPATH_SEARCH_PATHS = (
					"$(inherited)",
					"@executable_path/Frameworks",
				);
				MARKETING_VERSION = 1.0;
				PRODUCT_BUNDLE_IDENTIFIER = "s21.Emoji-Art";
				PRODUCT_NAME = "$(TARGET_NAME)";
				SWIFT_EMIT_LOC_STRINGS = YES;
				SWIFT_VERSION = 5.0;
				TARGETED_DEVICE_FAMILY = "1,2";
			};
			name = Release;
		};
/* End XCBuildConfiguration section */

/* Begin XCConfigurationList section */
		5C3AD7742AEA66A700B0EA28 /* Build configuration list for PBXProject "Emoji Art" */ = {
			isa = XCConfigurationList;
			buildConfigurations = (
				5C3AD7852AEA66A900B0EA28 /* Debug */,
				5C3AD7862AEA66A900B0EA28 /* Release */,
			);
			defaultConfigurationIsVisible = 0;
			defaultConfigurationName = Release;
		};
		5C3AD7872AEA66A900B0EA28 /* Build configuration list for PBXNativeTarget "Emoji Art" */ = {
			isa = XCConfigurationList;
			buildConfigurations = (
				5C3AD7882AEA66A900B0EA28 /* Debug */,
				5C3AD7892AEA66A900B0EA28 /* Release */,
			);
			defaultConfigurationIsVisible = 0;
			defaultConfigurationName = Release;
		};
/* End XCConfigurationList section */
	};
	rootObject = 5C3AD7712AEA66A700B0EA28 /* Project object */;
}
